
Microsoft Visual Studio Solution File, Format Version 12.00
# Visual Studio Version 16
VisualStudioVersion = 16.0.29326.143
MinimumVisualStudioVersion = 10.0.40219.1
Project("{FAE04EC0-301F-11D3-BF4B-00C04F79EFBC}") = "CSharp_PDP_Intellias", "CSharp_PDP_Intellias\CSharp_PDP_Intellias.csproj", "{1CAFAB16-89E2-4D5E-861E-784B47036581}"
EndProject
Global
	GlobalSection(SolutionConfigurationPlatforms) = preSolution
		Debug|Any CPU = Debug|Any CPU
		Release|Any CPU = Release|Any CPU
	EndGlobalSection
	GlobalSection(ProjectConfigurationPlatforms) = postSolution
		{1CAFAB16-89E2-4D5E-861E-784B47036581}.Debug|Any CPU.ActiveCfg = Debug|Any CPU
		{1CAFAB16-89E2-4D5E-861E-784B47036581}.Debug|Any CPU.Build.0 = Debug|Any CPU
		{1CAFAB16-89E2-4D5E-861E-784B47036581}.Release|Any CPU.ActiveCfg = Release|Any CPU
		{1CAFAB16-89E2-4D5E-861E-784B47036581}.Release|Any CPU.Build.0 = Release|Any CPU
	EndGlobalSection
	GlobalSection(SolutionProperties) = preSolution
		HideSolutionNode = FALSE
	EndGlobalSection
	GlobalSection(ExtensibilityGlobals) = postSolution
		SolutionGuid = {2593868C-D18A-495C-8CB5-0345C04B303B}
	EndGlobalSection
EndGlobal
